
Microsoft Visual Studio Solution File, Format Version 12.00
# Visual Studio Version 16
VisualStudioVersion = 16.0.31019.35
MinimumVisualStudioVersion = 10.0.40219.1
Project("{FAE04EC0-301F-11D3-BF4B-00C04F79EFBC}") = "TETRIS", "TETRIS\TETRIS.csproj", "{6E7267FF-9C40-4CEC-B4FC-DDB29E529853}"
EndProject
Global
	GlobalSection(SolutionConfigurationPlatforms) = preSolution
		Debug|Any CPU = Debug|Any CPU
		Release|Any CPU = Release|Any CPU
	EndGlobalSection
	GlobalSection(ProjectConfigurationPlatforms) = postSolution
		{6E7267FF-9C40-4CEC-B4FC-DDB29E529853}.Debug|Any CPU.ActiveCfg = Debug|Any CPU
		{6E7267FF-9C40-4CEC-B4FC-DDB29E529853}.Debug|Any CPU.Build.0 = Debug|Any CPU
		{6E7267FF-9C40-4CEC-B4FC-DDB29E529853}.Release|Any CPU.ActiveCfg = Release|Any CPU
		{6E7267FF-9C40-4CEC-B4FC-DDB29E529853}.Release|Any CPU.Build.0 = Release|Any CPU
	EndGlobalSection
	GlobalSection(SolutionProperties) = preSolution
		HideSolutionNode = FALSE
	EndGlobalSection
	GlobalSection(ExtensibilityGlobals) = postSolution
		SolutionGuid = {A12EC0E7-F11D-4455-A391-D7987914EAA5}
	EndGlobalSection
EndGlobal
